// !$*UTF8*$!
{
	archiveVersion = 1;
	classes = {
	};
	objectVersion = 77;
	objects = {

/* Begin PBXContainerItemProxy section */
		823674512F1A7A5500749DDD /* PBXContainerItemProxy */ = {
			isa = PBXContainerItemProxy;
			containerPortal = 8236743B2F1A7A5400749DDD /* Project object */;
			proxyType = 1;
			remoteGlobalIDString = 823674422F1A7A5400749DDD;
			remoteInfo = "Deshi-Boutique";
		};
		8236745B2F1A7A5500749DDD /* PBXContainerItemProxy */ = {
			isa = PBXContainerItemProxy;
			containerPortal = 8236743B2F1A7A5400749DDD /* Project object */;
			proxyType = 1;
			remoteGlobalIDString = 823674422F1A7A5400749DDD;
			remoteInfo = "Deshi-Boutique";
		};
/* End PBXContainerItemProxy section */

/* Begin PBXFileReference section */
		823674432F1A7A5400749DDD /* Deshi-Boutique.app */ = {isa = PBXFileReference; explicitFileType = wrapper.application; includeInIndex = 0; path = "Deshi-Boutique.app"; sourceTree = BUILT_PRODUCTS_DIR; };
		823674502F1A7A5500749DDD /* Deshi-BoutiqueTests.xctest */ = {isa = PBXFileReference; explicitFileType = wrapper.cfbundle; includeInIndex = 0; path = "Deshi-BoutiqueTests.xctest"; sourceTree = BUILT_PRODUCTS_DIR; };
		8236745A2F1A7A5500749DDD /* Deshi-BoutiqueUITests.xctest */ = {isa = PBXFileReference; explicitFileType = wrapper.cfbundle; includeInIndex = 0; path = "Deshi-BoutiqueUITests.xctest"; sourceTree = BUILT_PRODUCTS_DIR; };
/* End PBXFileReference section */

/* Begin PBXFileSystemSynchronizedRootGroup section */
		823674452F1A7A5400749DDD /* Deshi-Boutique */ = {
			isa = PBXFileSystemSynchronizedRootGroup;
			path = "Deshi-Boutique";
			sourceTree = "<group>";
		};
		823674532F1A7A5500749DDD /* Deshi-BoutiqueTests */ = {
			isa = PBXFileSystemSynchronizedRootGroup;
			path = "Deshi-BoutiqueTests";
			sourceTree = "<group>";
		};
		8236745D2F1A7A5500749DDD /* Deshi-BoutiqueUITests */ = {
			isa = PBXFileSystemSynchronizedRootGroup;
			path = "Deshi-BoutiqueUITests";
			sourceTree = "<group>";
		};
/* End PBXFileSystemSynchronizedRootGroup section */

/* Begin PBXFrameworksBuildPhase section */
		823674402F1A7A5400749DDD /* Frameworks */ = {
			isa = PBXFrameworksBuildPhase;
			buildActionMask = 2147483647;
			files = (
			);
			runOnlyForDeploymentPostprocessing = 0;
		};
		8236744D2F1A7A5500749DDD /* Frameworks */ = {
			isa = PBXFrameworksBuildPhase;
			buildActionMask = 2147483647;
			files = (
			);
			runOnlyForDeploymentPostprocessing = 0;
		};
		823674572F1A7A5500749DDD /* Frameworks */ = {
			isa = PBXFrameworksBuildPhase;
			buildActionMask = 2147483647;
			files = (
			);
			runOnlyForDeploymentPostprocessing = 0;
		};
/* End PBXFrameworksBuildPhase section */

/* Begin PBXGroup section */
		8236743A2F1A7A5400749DDD = {
			isa = PBXGroup;
			children = (
				823674452F1A7A5400749DDD /* Deshi-Boutique */,
				823674532F1A7A5500749DDD /* Deshi-BoutiqueTests */,
				8236745D2F1A7A5500749DDD /* Deshi-BoutiqueUITests */,
				823674442F1A7A5400749DDD /* Products */,
			);
			sourceTree = "<group>";
		};
		823674442F1A7A5400749DDD /* Products */ = {
			isa = PBXGroup;
			children = (
				823674432F1A7A5400749DDD /* Deshi-Boutique.app */,
				823674502F1A7A5500749DDD /* Deshi-BoutiqueTests.xctest */,
				8236745A2F1A7A5500749DDD /* Deshi-BoutiqueUITests.xctest */,
			);
			name = Products;
			sourceTree = "<group>";
		};
/* End PBXGroup section */

/* Begin PBXNativeTarget section */
		823674422F1A7A5400749DDD /* Deshi-Boutique */ = {
			isa = PBXNativeTarget;
			buildConfigurationList = 823674642F1A7A5500749DDD /* Build configuration list for PBXNativeTarget "Deshi-Boutique" */;
			buildPhases = (
				8236743F2F1A7A5400749DDD /* Sources */,
				823674402F1A7A5400749DDD /* Frameworks */,
				823674412F1A7A5400749DDD /* Resources */,
			);
			buildRules = (
			);
			dependencies = (
			);
			fileSystemSynchronizedGroups = (
				823674452F1A7A5400749DDD /* Deshi-Boutique */,
			);
			name = "Deshi-Boutique";
			packageProductDependencies = (
			);
			productName = "Deshi-Boutique";
			productReference = 823674432F1A7A5400749DDD /* Deshi-Boutique.app */;
			productType = "com.apple.product-type.application";
		};
		8236744F2F1A7A5500749DDD /* Deshi-BoutiqueTests */ = {
			isa = PBXNativeTarget;
			buildConfigurationList = 823674672F1A7A5500749DDD /* Build configuration list for PBXNativeTarget "Deshi-BoutiqueTests" */;
			buildPhases = (
				8236744C2F1A7A5500749DDD /* Sources */,
				8236744D2F1A7A5500749DDD /* Frameworks */,
				8236744E2F1A7A5500749DDD /* Resources */,
			);
			buildRules = (
			);
			dependencies = (
				823674522F1A7A5500749DDD /* PBXTargetDependency */,
			);
			fileSystemSynchronizedGroups = (
				823674532F1A7A5500749DDD /* Deshi-BoutiqueTests */,
			);
			name = "Deshi-BoutiqueTests";
			packageProductDependencies = (
			);
			productName = "Deshi-BoutiqueTests";
			productReference = 823674502F1A7A5500749DDD /* Deshi-BoutiqueTests.xctest */;
			productType = "com.apple.product-type.bundle.unit-test";
		};
		823674592F1A7A5500749DDD /* Deshi-BoutiqueUITests */ = {
			isa = PBXNativeTarget;
			buildConfigurationList = 8236746A2F1A7A5500749DDD /* Build configuration list for PBXNativeTarget "Deshi-BoutiqueUITests" */;
			buildPhases = (
				823674562F1A7A5500749DDD /* Sources */,
				823674572F1A7A5500749DDD /* Frameworks */,
				823674582F1A7A5500749DDD /* Resources */,
			);
			buildRules = (
			);
			dependencies = (
				8236745C2F1A7A5500749DDD /* PBXTargetDependency */,
			);
			fileSystemSynchronizedGroups = (
				8236745D2F1A7A5500749DDD /* Deshi-BoutiqueUITests */,
			);
			name = "Deshi-BoutiqueUITests";
			packageProductDependencies = (
			);
			productName = "Deshi-BoutiqueUITests";
			productReference = 8236745A2F1A7A5500749DDD /* Deshi-BoutiqueUITests.xctest */;
			productType = "com.apple.product-type.bundle.ui-testing";
		};
/* End PBXNativeTarget section */

/* Begin PBXProject section */
		8236743B2F1A7A5400749DDD /* Project object */ = {
			isa = PBXProject;
			attributes = {
				BuildIndependentTargetsInParallel = 1;
				LastSwiftUpdateCheck = 1640;
				LastUpgradeCheck = 1640;
				TargetAttributes = {
					823674422F1A7A5400749DDD = {
						CreatedOnToolsVersion = 16.4;
					};
					8236744F2F1A7A5500749DDD = {
						CreatedOnToolsVersion = 16.4;
						TestTargetID = 823674422F1A7A5400749DDD;
					};
					823674592F1A7A5500749DDD = {
						CreatedOnToolsVersion = 16.4;
						TestTargetID = 823674422F1A7A5400749DDD;
					};
				};
			};
			buildConfigurationList = 8236743E2F1A7A5400749DDD /* Build configuration list for PBXProject "Deshi-Boutique" */;
			developmentRegion = en;
			hasScannedForEncodings = 0;
			knownRegions = (
				en,
				Base,
			);
			mainGroup = 8236743A2F1A7A5400749DDD;
			minimizedProjectReferenceProxies = 1;
			preferredProjectObjectVersion = 77;
			productRefGroup = 823674442F1A7A5400749DDD /* Products */;
			projectDirPath = "";
			projectRoot = "";
			targets = (
				823674422F1A7A5400749DDD /* Deshi-Boutique */,
				8236744F2F1A7A5500749DDD /* Deshi-BoutiqueTests */,
				823674592F1A7A5500749DDD /* Deshi-BoutiqueUITests */,
			);
		};
/* End PBXProject section */

/* Begin PBXResourcesBuildPhase section */
		823674412F1A7A5400749DDD /* Resources */ = {
			isa = PBXResourcesBuildPhase;
			buildActionMask = 2147483647;
			files = (
			);
			runOnlyForDeploymentPostprocessing = 0;
		};
		8236744E2F1A7A5500749DDD /* Resources */ = {
			isa = PBXResourcesBuildPhase;
			buildActionMask = 2147483647;
			files = (
			);
			runOnlyForDeploymentPostprocessing = 0;
		};
		823674582F1A7A5500749DDD /* Resources */ = {
			isa = PBXResourcesBuildPhase;
			buildActionMask = 2147483647;
			files = (
			);
			runOnlyForDeploymentPostprocessing = 0;
		};
/* End PBXResourcesBuildPhase section */

/* Begin PBXSourcesBuildPhase section */
		8236743F2F1A7A5400749DDD /* Sources */ = {
			isa = PBXSourcesBuildPhase;
			buildActionMask = 2147483647;
			files = (
			);
			runOnlyForDeploymentPostprocessing = 0;
		};
		8236744C2F1A7A5500749DDD /* Sources */ = {
			isa = PBXSourcesBuildPhase;
			buildActionMask = 2147483647;
			files = (
			);
			runOnlyForDeploymentPostprocessing = 0;
		};
		823674562F1A7A5500749DDD /* Sources */ = {
			isa = PBXSourcesBuildPhase;
			buildActionMask = 2147483647;
			files = (
			);
			runOnlyForDeploymentPostprocessing = 0;
		};
/* End PBXSourcesBuildPhase section */

/* Begin PBXTargetDependency section */
		823674522F1A7A5500749DDD /* PBXTargetDependency */ = {
			isa = PBXTargetDependency;
			target = 823674422F1A7A5400749DDD /* Deshi-Boutique */;
			targetProxy = 823674512F1A7A5500749DDD /* PBXContainerItemProxy */;
		};
		8236745C2F1A7A5500749DDD /* PBXTargetDependency */ = {
			isa = PBXTargetDependency;
			target = 823674422F1A7A5400749DDD /* Deshi-Boutique */;
			targetProxy = 8236745B2F1A7A5500749DDD /* PBXContainerItemProxy */;
		};
/* End PBXTargetDependency section */

/* Begin XCBuildConfiguration section */
		823674622F1A7A5500749DDD /* Debug */ = {
			isa = XCBuildConfiguration;
			buildSettings = {
				ALWAYS_SEARCH_USER_PATHS = NO;
				ASSETCATALOG_COMPILER_GENERATE_SWIFT_ASSET_SYMBOL_EXTENSIONS = YES;
				CLANG_ANALYZER_NONNULL = YES;
				CLANG_ANALYZER_NUMBER_OBJECT_CONVERSION = YES_AGGRESSIVE;
				CLANG_CXX_LANGUAGE_STANDARD = "gnu++20";
				CLANG_ENABLE_MODULES = YES;
				CLANG_ENABLE_OBJC_ARC = YES;
				CLANG_ENABLE_OBJC_WEAK = YES;
				CLANG_WARN_BLOCK_CAPTURE_AUTORELEASING = YES;
				CLANG_WARN_BOOL_CONVERSION = YES;
				CLANG_WARN_COMMA = YES;
				CLANG_WARN_CONSTANT_CONVERSION = YES;
				CLANG_WARN_DEPRECATED_OBJC_IMPLEMENTATIONS = YES;
				CLANG_WARN_DIRECT_OBJC_ISA_USAGE = YES_ERROR;
				CLANG_WARN_DOCUMENTATION_COMMENTS = YES;
				CLANG_WARN_EMPTY_BODY = YES;
				CLANG_WARN_ENUM_CONVERSION = YES;
				CLANG_WARN_INFINITE_RECURSION = YES;
				CLANG_WARN_INT_CONVERSION = YES;
				CLANG_WARN_NON_LITERAL_NULL_CONVERSION = YES;
				CLANG_WARN_OBJC_IMPLICIT_RETAIN_SELF = YES;
				CLANG_WARN_OBJC_LITERAL_CONVERSION = YES;
				CLANG_WARN_OBJC_ROOT_CLASS = YES_ERROR;
				CLANG_WARN_QUOTED_INCLUDE_IN_FRAMEWORK_HEADER = YES;
				CLANG_WARN_RANGE_LOOP_ANALYSIS = YES;
				CLANG_WARN_STRICT_PROTOTYPES = YES;
				CLANG_WARN_SUSPICIOUS_MOVE = YES;
				CLANG_WARN_UNGUARDED_AVAILABILITY = YES_AGGRESSIVE;
				CLANG_WARN_UNREACHABLE_CODE = YES;
				CLANG_WARN__DUPLICATE_METHOD_MATCH = YES;
				COPY_PHASE_STRIP = NO;
				DEBUG_INFORMATION_FORMAT = dwarf;
				DEVELOPMENT_TEAM = P99PFLCMXN;
				ENABLE_STRICT_OBJC_MSGSEND = YES;
				ENABLE_TESTABILITY = YES;
				ENABLE_USER_SCRIPT_SANDBOXING = YES;
				GCC_C_LANGUAGE_STANDARD = gnu17;
				GCC_DYNAMIC_NO_PIC = NO;
				GCC_NO_COMMON_BLOCKS = YES;
				GCC_OPTIMIZATION_LEVEL = 0;
				GCC_PREPROCESSOR_DEFINITIONS = (
					"DEBUG=1",
					"$(inherited)",
				);
				GCC_WARN_64_TO_32_BIT_CONVERSION = YES;
				GCC_WARN_ABOUT_RETURN_TYPE = YES_ERROR;
				GCC_WARN_UNDECLARED_SELECTOR = YES;
				GCC_WARN_UNINITIALIZED_AUTOS = YES_AGGRESSIVE;
				GCC_WARN_UNUSED_FUNCTION = YES;
				GCC_WARN_UNUSED_VARIABLE = YES;
				IPHONEOS_DEPLOYMENT_TARGET = 18.5;
				LOCALIZATION_PREFERS_STRING_CATALOGS = YES;
				MTL_ENABLE_DEBUG_INFO = INCLUDE_SOURCE;
				MTL_FAST_MATH = YES;
				ONLY_ACTIVE_ARCH = YES;
				SDKROOT = iphoneos;
				SWIFT_ACTIVE_COMPILATION_CONDITIONS = "DEBUG $(inherited)";
				SWIFT_OPTIMIZATION_LEVEL = "-Onone";
			};
			name = Debug;
		};
		823674632F1A7A5500749DDD /* Release */ = {
			isa = XCBuildConfiguration;
			buildSettings = {
				ALWAYS_SEARCH_USER_PATHS = NO;
				ASSETCATALOG_COMPILER_GENERATE_SWIFT_ASSET_SYMBOL_EXTENSIONS = YES;
				CLANG_ANALYZER_NONNULL = YES;
				CLANG_ANALYZER_NUMBER_OBJECT_CONVERSION = YES_AGGRESSIVE;
				CLANG_CXX_LANGUAGE_STANDARD = "gnu++20";
				CLANG_ENABLE_MODULES = YES;
				CLANG_ENABLE_OBJC_ARC = YES;
				CLANG_ENABLE_OBJC_WEAK = YES;
				CLANG_WARN_BLOCK_CAPTURE_AUTORELEASING = YES;
				CLANG_WARN_BOOL_CONVERSION = YES;
				CLANG_WARN_COMMA = YES;
				CLANG_WARN_CONSTANT_CONVERSION = YES;
				CLANG_WARN_DEPRECATED_OBJC_IMPLEMENTATIONS = YES;
				CLANG_WARN_DIRECT_OBJC_ISA_USAGE = YES_ERROR;
				CLANG_WARN_DOCUMENTATION_COMMENTS = YES;
				CLANG_WARN_EMPTY_BODY = YES;
				CLANG_WARN_ENUM_CONVERSION = YES;
				CLANG_WARN_INFINITE_RECURSION = YES;
				CLANG_WARN_INT_CONVERSION = YES;
				CLANG_WARN_NON_LITERAL_NULL_CONVERSION = YES;
				CLANG_WARN_OBJC_IMPLICIT_RETAIN_SELF = YES;
				CLANG_WARN_OBJC_LITERAL_CONVERSION = YES;
				CLANG_WARN_OBJC_ROOT_CLASS = YES_ERROR;
				CLANG_WARN_QUOTED_INCLUDE_IN_FRAMEWORK_HEADER = YES;
				CLANG_WARN_RANGE_LOOP_ANALYSIS = YES;
				CLANG_WARN_STRICT_PROTOTYPES = YES;
				CLANG_WARN_SUSPICIOUS_MOVE = YES;
				CLANG_WARN_UNGUARDED_AVAILABILITY = YES_AGGRESSIVE;
				CLANG_WARN_UNREACHABLE_CODE = YES;
				CLANG_WARN__DUPLICATE_METHOD_MATCH = YES;
				COPY_PHASE_STRIP = NO;
				DEBUG_INFORMATION_FORMAT = "dwarf-with-dsym";
				DEVELOPMENT_TEAM = P99PFLCMXN;
				ENABLE_NS_ASSERTIONS = NO;
				ENABLE_STRICT_OBJC_MSGSEND = YES;
				ENABLE_USER_SCRIPT_SANDBOXING = YES;
				GCC_C_LANGUAGE_STANDARD = gnu17;
				GCC_NO_COMMON_BLOCKS = YES;
				GCC_WARN_64_TO_32_BIT_CONVERSION = YES;
				GCC_WARN_ABOUT_RETURN_TYPE = YES_ERROR;
				GCC_WARN_UNDECLARED_SELECTOR = YES;
				GCC_WARN_UNINITIALIZED_AUTOS = YES_AGGRESSIVE;
				GCC_WARN_UNUSED_FUNCTION = YES;
				GCC_WARN_UNUSED_VARIABLE = YES;
				IPHONEOS_DEPLOYMENT_TARGET = 18.5;
				LOCALIZATION_PREFERS_STRING_CATALOGS = YES;
				MTL_ENABLE_DEBUG_INFO = NO;
				MTL_FAST_MATH = YES;
				SDKROOT = iphoneos;
				SWIFT_COMPILATION_MODE = wholemodule;
				VALIDATE_PRODUCT = YES;
			};
			name = Release;
		};
		823674652F1A7A5500749DDD /* Debug */ = {
			isa = XCBuildConfiguration;
			buildSettings = {
				ASSETCATALOG_COMPILER_APPICON_NAME = AppIcon;
				ASSETCATALOG_COMPILER_GLOBAL_ACCENT_COLOR_NAME = AccentColor;
				CODE_SIGN_STYLE = Automatic;
				CURRENT_PROJECT_VERSION = 1;
				DEVELOPMENT_TEAM = P99PFLCMXN;
				ENABLE_PREVIEWS = YES;
				GENERATE_INFOPLIST_FILE = YES;
				INFOPLIST_KEY_UIApplicationSceneManifest_Generation = YES;
				INFOPLIST_KEY_UIApplicationSupportsIndirectInputEvents = YES;
				INFOPLIST_KEY_UILaunchScreen_Generation = YES;
				INFOPLIST_KEY_UISupportedInterfaceOrientations_iPad = "UIInterfaceOrientationPortrait UIInterfaceOrientationPortraitUpsideDown UIInterfaceOrientationLandscapeLeft UIInterfaceOrientationLandscapeRight";
				INFOPLIST_KEY_UISupportedInterfaceOrientations_iPhone = "UIInterfaceOrientationPortrait UIInterfaceOrientationLandscapeLeft UIInterfaceOrientationLandscapeRight";
				LD_RUNPATH_SEARCH_PATHS = (
					"$(inherited)",
					"@executable_path/Frameworks",
				);
				MARKETING_VERSION = 1.0;
				PRODUCT_BUNDLE_IDENTIFIER = "se.sravanthi.Deshi-Boutique";
				PRODUCT_NAME = "$(TARGET_NAME)";
				SWIFT_EMIT_LOC_STRINGS = YES;
				SWIFT_VERSION = 5.0;
				TARGETED_DEVICE_FAMILY = "1,2";
			};
			name = Debug;
		};
		823674662F1A7A5500749DDD /* Release */ = {
			isa = XCBuildConfiguration;
			buildSettings = {
				ASSETCATALOG_COMPILER_APPICON_NAME = AppIcon;
				ASSETCATALOG_COMPILER_GLOBAL_ACCENT_COLOR_NAME = AccentColor;
				CODE_SIGN_STYLE = Automatic;
				CURRENT_PROJECT_VERSION = 1;
				DEVELOPMENT_TEAM = P99PFLCMXN;
				ENABLE_PREVIEWS = YES;
				GENERATE_INFOPLIST_FILE = YES;
				INFOPLIST_KEY_UIApplicationSceneManifest_Generation = YES;
				INFOPLIST_KEY_UIApplicationSupportsIndirectInputEvents = YES;
				INFOPLIST_KEY_UILaunchScreen_Generation = YES;
				INFOPLIST_KEY_UISupportedInterfaceOrientations_iPad = "UIInterfaceOrientationPortrait UIInterfaceOrientationPortraitUpsideDown UIInterfaceOrientationLandscapeLeft UIInterfaceOrientationLandscapeRight";
				INFOPLIST_KEY_UISupportedInterfaceOrientations_iPhone = "UIInterfaceOrientationPortrait UIInterfaceOrientationLandscapeLeft UIInterfaceOrientationLandscapeRight";
				LD_RUNPATH_SEARCH_PATHS = (
					"$(inherited)",
					"@executable_path/Frameworks",
				);
				MARKETING_VERSION = 1.0;
				PRODUCT_BUNDLE_IDENTIFIER = "se.sravanthi.Deshi-Boutique";
				PRODUCT_NAME = "$(TARGET_NAME)";
				SWIFT_EMIT_LOC_STRINGS = YES;
				SWIFT_VERSION = 5.0;
				TARGETED_DEVICE_FAMILY = "1,2";
			};
			name = Release;
		};
		823674682F1A7A5500749DDD /* Debug */ = {
			isa = XCBuildConfiguration;
			buildSettings = {
				BUNDLE_LOADER = "$(TEST_HOST)";
				CODE_SIGN_STYLE = Automatic;
				CURRENT_PROJECT_VERSION = 1;
				DEVELOPMENT_TEAM = P99PFLCMXN;
				GENERATE_INFOPLIST_FILE = YES;
				IPHONEOS_DEPLOYMENT_TARGET = 18.5;
				MARKETING_VERSION = 1.0;
				PRODUCT_BUNDLE_IDENTIFIER = "se.sravanthi.Deshi-BoutiqueTests";
				PRODUCT_NAME = "$(TARGET_NAME)";
				SWIFT_EMIT_LOC_STRINGS = NO;
				SWIFT_VERSION = 5.0;
				TARGETED_DEVICE_FAMILY = "1,2";
				TEST_HOST = "$(BUILT_PRODUCTS_DIR)/Deshi-Boutique.app/$(BUNDLE_EXECUTABLE_FOLDER_PATH)/Deshi-Boutique";
			};
			name = Debug;
		};
		823674692F1A7A5500749DDD /* Release */ = {
			isa = XCBuildConfiguration;
			buildSettings = {
				BUNDLE_LOADER = "$(TEST_HOST)";
				CODE_SIGN_STYLE = Automatic;
				CURRENT_PROJECT_VERSION = 1;
				DEVELOPMENT_TEAM = P99PFLCMXN;
				GENERATE_INFOPLIST_FILE = YES;
				IPHONEOS_DEPLOYMENT_TARGET = 18.5;
				MARKETING_VERSION = 1.0;
				PRODUCT_BUNDLE_IDENTIFIER = "se.sravanthi.Deshi-BoutiqueTests";
				PRODUCT_NAME = "$(TARGET_NAME)";
				SWIFT_EMIT_LOC_STRINGS = NO;
				SWIFT_VERSION = 5.0;
				TARGETED_DEVICE_FAMILY = "1,2";
				TEST_HOST = "$(BUILT_PRODUCTS_DIR)/Deshi-Boutique.app/$(BUNDLE_EXECUTABLE_FOLDER_PATH)/Deshi-Boutique";
			};
			name = Release;
		};
		8236746B2F1A7A5500749DDD /* Debug */ = {
			isa = XCBuildConfiguration;
			buildSettings = {
				CODE_SIGN_STYLE = Automatic;
				CURRENT_PROJECT_VERSION = 1;
				DEVELOPMENT_TEAM = P99PFLCMXN;
				GENERATE_INFOPLIST_FILE = YES;
				MARKETING_VERSION = 1.0;
				PRODUCT_BUNDLE_IDENTIFIER = "se.sravanthi.Deshi-BoutiqueUITests";
				PRODUCT_NAME = "$(TARGET_NAME)";
				SWIFT_EMIT_LOC_STRINGS = NO;
				SWIFT_VERSION = 5.0;
				TARGETED_DEVICE_FAMILY = "1,2";
				TEST_TARGET_NAME = "Deshi-Boutique";
			};
			name = Debug;
		};
		8236746C2F1A7A5500749DDD /* Release */ = {
			isa = XCBuildConfiguration;
			buildSettings = {
				CODE_SIGN_STYLE = Automatic;
				CURRENT_PROJECT_VERSION = 1;
				DEVELOPMENT_TEAM = P99PFLCMXN;
				GENERATE_INFOPLIST_FILE = YES;
				MARKETING_VERSION = 1.0;
				PRODUCT_BUNDLE_IDENTIFIER = "se.sravanthi.Deshi-BoutiqueUITests";
				PRODUCT_NAME = "$(TARGET_NAME)";
				SWIFT_EMIT_LOC_STRINGS = NO;
				SWIFT_VERSION = 5.0;
				TARGETED_DEVICE_FAMILY = "1,2";
				TEST_TARGET_NAME = "Deshi-Boutique";
			};
			name = Release;
		};
/* End XCBuildConfiguration section */

/* Begin XCConfigurationList section */
		8236743E2F1A7A5400749DDD /* Build configuration list for PBXProject "Deshi-Boutique" */ = {
			isa = XCConfigurationList;
			buildConfigurations = (
				823674622F1A7A5500749DDD /* Debug */,
				823674632F1A7A5500749DDD /* Release */,
			);
			defaultConfigurationIsVisible = 0;
			defaultConfigurationName = Release;
		};
		823674642F1A7A5500749DDD /* Build configuration list for PBXNativeTarget "Deshi-Boutique" */ = {
			isa = XCConfigurationList;
			buildConfigurations = (
				823674652F1A7A5500749DDD /* Debug */,
				823674662F1A7A5500749DDD /* Release */,
			);
			defaultConfigurationIsVisible = 0;
			defaultConfigurationName = Release;
		};
		823674672F1A7A5500749DDD /* Build configuration list for PBXNativeTarget "Deshi-BoutiqueTests" */ = {
			isa = XCConfigurationList;
			buildConfigurations = (
				823674682F1A7A5500749DDD /* Debug */,
				823674692F1A7A5500749DDD /* Release */,
			);
			defaultConfigurationIsVisible = 0;
			defaultConfigurationName = Release;
		};
		8236746A2F1A7A5500749DDD /* Build configuration list for PBXNativeTarget "Deshi-BoutiqueUITests" */ = {
			isa = XCConfigurationList;
			buildConfigurations = (
				8236746B2F1A7A5500749DDD /* Debug */,
				8236746C2F1A7A5500749DDD /* Release */,
			);
			defaultConfigurationIsVisible = 0;
			defaultConfigurationName = Release;
		};
/* End XCConfigurationList section */
	};
	rootObject = 8236743B2F1A7A5400749DDD /* Project object */;
}
